
Microsoft Visual Studio Solution File, Format Version 12.00
# Visual Studio Version 16
VisualStudioVersion = 16.0.30011.22
MinimumVisualStudioVersion = 10.0.40219.1
Project("{888888A0-9F3D-457C-B088-3A5042F75D52}") = "TUGAS_KEL50", "TUGAS_KEL50\TUGAS_KEL50.pyproj", "{8F5C424E-926A-47ED-BF57-17B0E44E353B}"
EndProject
Global
	GlobalSection(SolutionConfigurationPlatforms) = preSolution
		Debug|Any CPU = Debug|Any CPU
		Release|Any CPU = Release|Any CPU
	EndGlobalSection
	GlobalSection(ProjectConfigurationPlatforms) = postSolution
		{8F5C424E-926A-47ED-BF57-17B0E44E353B}.Debug|Any CPU.ActiveCfg = Debug|Any CPU
		{8F5C424E-926A-47ED-BF57-17B0E44E353B}.Release|Any CPU.ActiveCfg = Release|Any CPU
	EndGlobalSection
	GlobalSection(SolutionProperties) = preSolution
		HideSolutionNode = FALSE
	EndGlobalSection
	GlobalSection(ExtensibilityGlobals) = postSolution
		SolutionGuid = {1FCFE1DF-3DDB-4DB7-B637-BD8BD962CB4E}
	EndGlobalSection
EndGlobal
